<?xml version="1.0" encoding="utf-8"?>
<Project ToolsVersion="4.0" xmlns="http://schemas.microsoft.com/developer/msbuild/2003">
  <ItemGroup>
    <Filter Include="Source Files">
      <UniqueIdentifier>{4FC737F1-C7A5-4376-A066-2A32D752A2FF}</UniqueIdentifier>
      <Extensions>cpp;c;cc;cxx;def;odl;idl;hpj;bat;asm;asmx</Extensions>
    </Filter>
    <Filter Include="Header Files">
      <UniqueIdentifier>{93995380-89BD-4b04-88EB-625FBE52EBFB}</UniqueIdentifier>
      <Extensions>h;hpp;hxx;hm;inl;inc;xsd</Extensions>
    </Filter>
    <Filter Include="Resource Files">
      <UniqueIdentifier>{67DA6AB6-F800-4c08-8B7A-83BB121AAD01}</UniqueIdentifier>
      <Extensions>rc;ico;cur;bmp;dlg;rc2;rct;bin;rgs;gif;jpg;jpeg;jpe;resx;tiff;tif;png;wav;mfcribbon-ms</Extensions>
    </Filter>
    <Filter Include="Common">
      <UniqueIdentifier>{317fe6aa-1de2-4d2b-89cc-583557f238ff}</UniqueIdentifier>
    </Filter>
    <Filter Include="Common\Header Files">
      <UniqueIdentifier>{163de372-7990-4796-bdf3-f3581669403c}</UniqueIdentifier>
    </Filter>
    <Filter Include="Common\Source Files">
      <UniqueIdentifier>{b686f4d5-6b3d-437e-874e-eb326b8aafd8}</UniqueIdentifier>
    </Filter>
    <Filter Include="Header Files\pathfinding">
      <UniqueIdentifier>{370cc426-3bb2-4fa1-a418-e8a82b3c7bbb}</UniqueIdentifier>
    </Filter>
    <Filter Include="Source Files\pathfinding">
      <UniqueIdentifier>{474fbefa-c012-4187-954c-fdb12b4f06d7}</UniqueIdentifier>
    </Filter>
    <Filter Include="Source Files\Components">
      <UniqueIdentifier>{d33b4c1d-f569-41e9-83f6-e351724ebc7d}</UniqueIdentifier>
    </Filter>
    <Filter Include="Header Files\Component">
      <UniqueIdentifier>{a4028baa-98f8-47fc-bb79-0f1fb704f92d}</UniqueIdentifier>
    </Filter>
    <Filter Include="Header Files\Steering">
      <UniqueIdentifier>{9017f598-e284-4f51-a337-347bda11264a}</UniqueIdentifier>
    </Filter>
    <Filter Include="Header Files\Units">
      <UniqueIdentifier>{6ec29c53-cfbe-4a4e-9011-a2ce67e2fd68}</UniqueIdentifier>
    </Filter>
    <Filter Include="Source Files\Steering">
      <UniqueIdentifier>{a4309aa8-69ba-4a80-b794-9b63b4b1295d}</UniqueIdentifier>
    </Filter>
    <Filter Include="Source Files\Units">
      <UniqueIdentifier>{7d5f7c18-cd4e-441b-95ba-2cb1d721a187}</UniqueIdentifier>
    </Filter>
    <Filter Include="Header Files\StateMachines">
      <UniqueIdentifier>{ff7439b7-4a85-41da-9468-3c079f678f33}</UniqueIdentifier>
    </Filter>
    <Filter Include="Source Files\StateMachines">
      <UniqueIdentifier>{83e74937-d5de-4f92-8e36-6dcba0392056}</UniqueIdentifier>
    </Filter>
    <Filter Include="Header Files\Objects">
      <UniqueIdentifier>{17219776-28e5-4a4e-aa1a-0c031d8ea322}</UniqueIdentifier>
    </Filter>
    <Filter Include="Header Files\Score">
      <UniqueIdentifier>{9a175541-fe56-401c-a634-2b5613a75516}</UniqueIdentifier>
    </Filter>
    <Filter Include="Source Files\Score">
      <UniqueIdentifier>{939145c2-1969-4d53-b862-0f3d48d0f898}</UniqueIdentifier>
    </Filter>
    <Filter Include="Source Files\Objects">
      <UniqueIdentifier>{dda7a0b8-6af7-4774-a87a-c563811bf812}</UniqueIdentifier>
    </Filter>
  </ItemGroup>
  <ItemGroup>
    <ClInclude Include="..\common\Game.h">
      <Filter>Common\Header Files</Filter>
    </ClInclude>
    <ClInclude Include="..\common\GraphicsBuffer.h">
      <Filter>Common\Header Files</Filter>
    </ClInclude>
    <ClInclude Include="..\common\GraphicsSystem.h">
      <Filter>Common\Header Files</Filter>
    </ClInclude>
    <ClInclude Include="..\common\Grid.h">
      <Filter>Common\Header Files</Filter>
    </ClInclude>
    <ClInclude Include="..\common\Sprite.h">
      <Filter>Common\Header Files</Filter>
    </ClInclude>
    <ClInclude Include="GameMessage.h">
      <Filter>Header Files</Filter>
    </ClInclude>
    <ClInclude Include="GameMessageManager.h">
      <Filter>Header Files</Filter>
    </ClInclude>
    <ClInclude Include="GameApp.h">
      <Filter>Header Files</Filter>
    </ClInclude>
    <ClInclude Include="Connection.h">
      <Filter>Header Files\pathfinding</Filter>
    </ClInclude>
    <ClInclude Include="Graph.h">
      <Filter>Header Files\pathfinding</Filter>
    </ClInclude>
    <ClInclude Include="Node.h">
      <Filter>Header Files\pathfinding</Filter>
    </ClInclude>
    <ClInclude Include="GridGraph.h">
      <Filter>Header Files\pathfinding</Filter>
    </ClInclude>
    <ClInclude Include="Path.h">
      <Filter>Header Files\pathfinding</Filter>
    </ClInclude>
    <ClInclude Include="Pathfinder.h">
      <Filter>Header Files\pathfinding</Filter>
    </ClInclude>
    <ClInclude Include="DepthFirstPathfinder.h">
      <Filter>Header Files\pathfinding</Filter>
    </ClInclude>
    <ClInclude Include="..\common\GridVisualizer.h">
      <Filter>Common\Header Files</Filter>
    </ClInclude>
    <ClInclude Include="PathToMessage.h">
      <Filter>Header Files</Filter>
    </ClInclude>
    <ClInclude Include="GridPathfinder.h">
      <Filter>Header Files\pathfinding</Filter>
    </ClInclude>
    <ClInclude Include="..\common\SpriteManager.h">
      <Filter>Common\Header Files</Filter>
    </ClInclude>
    <ClInclude Include="..\common\GraphicsBufferManager.h">
      <Filter>Common\Header Files</Filter>
    </ClInclude>
    <ClInclude Include="DebugContent.h">
      <Filter>Header Files</Filter>
    </ClInclude>
    <ClInclude Include="DebugDisplay.h">
      <Filter>Header Files</Filter>
    </ClInclude>
    <ClInclude Include="PathfindingDebugContent.h">
      <Filter>Header Files</Filter>
    </ClInclude>
    <ClInclude Include="..\common\Color.h">
      <Filter>Common\Header Files</Filter>
    </ClInclude>
    <ClInclude Include="..\common\Renderer.h">
      <Filter>Common\Header Files</Filter>
    </ClInclude>
    <ClInclude Include="..\common\Font.h">
      <Filter>Common\Header Files</Filter>
    </ClInclude>
    <ClInclude Include="DijkstraPathfinder.h">
      <Filter>Header Files\pathfinding</Filter>
    </ClInclude>
    <ClInclude Include="AStarPathfinder.h">
      <Filter>Header Files\pathfinding</Filter>
    </ClInclude>
    <ClInclude Include="..\common\Event.h">
      <Filter>Common\Header Files</Filter>
    </ClInclude>
    <ClInclude Include="..\common\EventListener.h">
      <Filter>Common\Header Files</Filter>
    </ClInclude>
    <ClInclude Include="..\common\EventSystem.h">
      <Filter>Common\Header Files</Filter>
    </ClInclude>
    <ClInclude Include="..\common\InputSystem.h">
      <Filter>Common\Header Files</Filter>
    </ClInclude>
    <ClInclude Include="Component.h">
      <Filter>Header Files\Component</Filter>
    </ClInclude>
    <ClInclude Include="ComponentManager.h">
      <Filter>Header Files\Component</Filter>
    </ClInclude>
    <ClInclude Include="PhysicsComponent.h">
      <Filter>Header Files\Component</Filter>
    </ClInclude>
    <ClInclude Include="PositionComponent.h">
      <Filter>Header Files\Component</Filter>
    </ClInclude>
    <ClInclude Include="SteeringComponent.h">
      <Filter>Header Files\Component</Filter>
    </ClInclude>
    <ClInclude Include="Steering.h">
      <Filter>Header Files\Steering</Filter>
    </ClInclude>
    <ClInclude Include="Unit.h">
      <Filter>Header Files\Units</Filter>
    </ClInclude>
    <ClInclude Include="UnitManager.h">
      <Filter>Header Files\Units</Filter>
    </ClInclude>
    <ClInclude Include="ArriveAndFaceSteering.h">
      <Filter>Header Files\Steering</Filter>
    </ClInclude>
    <ClInclude Include="ArriveSteering.h">
      <Filter>Header Files\Steering</Filter>
    </ClInclude>
    <ClInclude Include="Cohesion.h">
      <Filter>Header Files\Steering</Filter>
    </ClInclude>
    <ClInclude Include="FaceSteering.h">
      <Filter>Header Files\Steering</Filter>
    </ClInclude>
    <ClInclude Include="Flocking.h">
      <Filter>Header Files\Steering</Filter>
    </ClInclude>
    <ClInclude Include="GroupAlignment.h">
      <Filter>Header Files\Steering</Filter>
    </ClInclude>
    <ClInclude Include="SeekSteering.h">
      <Filter>Header Files\Steering</Filter>
    </ClInclude>
    <ClInclude Include="Seperation.h">
      <Filter>Header Files\Steering</Filter>
    </ClInclude>
    <ClInclude Include="WanderAndChaseSteering.h">
      <Filter>Header Files\Steering</Filter>
    </ClInclude>
    <ClInclude Include="WanderSteering.h">
      <Filter>Header Files\Steering</Filter>
    </ClInclude>
    <ClInclude Include="PathSmoothing.h">
      <Filter>Header Files\pathfinding</Filter>
    </ClInclude>
    <ClInclude Include="FollowPath.h">
      <Filter>Header Files\Steering</Filter>
    </ClInclude>
    <ClInclude Include="PathPooling.h">
      <Filter>Header Files\pathfinding</Filter>
    </ClInclude>
    <ClInclude Include="EndGameState.h">
      <Filter>Header Files\StateMachines</Filter>
    </ClInclude>
    <ClInclude Include="KaboomState.h">
      <Filter>Header Files\StateMachines</Filter>
    </ClInclude>
    <ClInclude Include="StateMachine.h">
      <Filter>Header Files\StateMachines</Filter>
    </ClInclude>
    <ClInclude Include="TickState.h">
      <Filter>Header Files\StateMachines</Filter>
    </ClInclude>
    <ClInclude Include="Score.h">
      <Filter>Header Files\Score</Filter>
    </ClInclude>
  </ItemGroup>
  <ItemGroup>
    <ClCompile Include="..\common\Game.cpp">
      <Filter>Common\Source Files</Filter>
    </ClCompile>
    <ClCompile Include="..\common\GraphicsBuffer.cpp">
      <Filter>Common\Source Files</Filter>
    </ClCompile>
    <ClCompile Include="..\common\GraphicsSystem.cpp">
      <Filter>Common\Source Files</Filter>
    </ClCompile>
    <ClCompile Include="..\common\Grid.cpp">
      <Filter>Common\Source Files</Filter>
    </ClCompile>
    <ClCompile Include="..\common\Sprite.cpp">
      <Filter>Common\Source Files</Filter>
    </ClCompile>
    <ClCompile Include="GameMessage.cpp">
      <Filter>Source Files</Filter>
    </ClCompile>
    <ClCompile Include="GameMessageManager.cpp">
      <Filter>Source Files</Filter>
    </ClCompile>
    <ClCompile Include="main.cpp">
      <Filter>Source Files</Filter>
    </ClCompile>
    <ClCompile Include="GameApp.cpp">
      <Filter>Source Files</Filter>
    </ClCompile>
    <ClCompile Include="Graph.cpp">
      <Filter>Source Files\pathfinding</Filter>
    </ClCompile>
    <ClCompile Include="Connection.cpp">
      <Filter>Source Files\pathfinding</Filter>
    </ClCompile>
    <ClCompile Include="Node.cpp">
      <Filter>Source Files\pathfinding</Filter>
    </ClCompile>
    <ClCompile Include="GridGraph.cpp">
      <Filter>Source Files\pathfinding</Filter>
    </ClCompile>
    <ClCompile Include="Path.cpp">
      <Filter>Source Files\pathfinding</Filter>
    </ClCompile>
    <ClCompile Include="Pathfinder.cpp">
      <Filter>Source Files\pathfinding</Filter>
    </ClCompile>
    <ClCompile Include="DepthFirstPathfinder.cpp">
      <Filter>Source Files\pathfinding</Filter>
    </ClCompile>
    <ClCompile Include="..\common\GridVisualizer.cpp">
      <Filter>Common\Source Files</Filter>
    </ClCompile>
    <ClCompile Include="PathToMessage.cpp">
      <Filter>Source Files</Filter>
    </ClCompile>
    <ClCompile Include="GridPathfinder.cpp">
      <Filter>Source Files\pathfinding</Filter>
    </ClCompile>
    <ClCompile Include="..\common\SpriteManager.cpp">
      <Filter>Common\Source Files</Filter>
    </ClCompile>
    <ClCompile Include="..\common\GraphicsBufferManager.cpp">
      <Filter>Common\Source Files</Filter>
    </ClCompile>
    <ClCompile Include="DebugDisplay.cpp">
      <Filter>Source Files</Filter>
    </ClCompile>
    <ClCompile Include="PathfindingDebugContent.cpp">
      <Filter>Source Files</Filter>
    </ClCompile>
    <ClCompile Include="..\common\Color.cpp">
      <Filter>Common\Source Files</Filter>
    </ClCompile>
    <ClCompile Include="..\common\Renderer.cpp">
      <Filter>Common\Source Files</Filter>
    </ClCompile>
    <ClCompile Include="..\common\Font.cpp">
      <Filter>Common\Source Files</Filter>
    </ClCompile>
    <ClCompile Include="DijkstraPathfinder.cpp">
      <Filter>Source Files\pathfinding</Filter>
    </ClCompile>
    <ClCompile Include="AStarPathfinder.cpp">
      <Filter>Source Files\pathfinding</Filter>
    </ClCompile>
    <ClCompile Include="..\common\Event.cpp">
      <Filter>Common\Source Files</Filter>
    </ClCompile>
    <ClCompile Include="..\common\EventListener.cpp">
      <Filter>Common\Source Files</Filter>
    </ClCompile>
    <ClCompile Include="..\common\EventSystem.cpp">
      <Filter>Common\Source Files</Filter>
    </ClCompile>
    <ClCompile Include="..\common\InputSystem.cpp">
      <Filter>Common\Source Files</Filter>
    </ClCompile>
    <ClCompile Include="Component.cpp">
      <Filter>Source Files\Components</Filter>
    </ClCompile>
    <ClCompile Include="ComponentManager.cpp">
      <Filter>Source Files\Components</Filter>
    </ClCompile>
    <ClCompile Include="PhysicsComponent.cpp">
      <Filter>Source Files\Components</Filter>
    </ClCompile>
    <ClCompile Include="PositionComponent.cpp">
      <Filter>Source Files\Components</Filter>
    </ClCompile>
    <ClCompile Include="SteeringComponent.cpp">
      <Filter>Source Files\Components</Filter>
    </ClCompile>
    <ClCompile Include="Unit.cpp">
      <Filter>Source Files\Units</Filter>
    </ClCompile>
    <ClCompile Include="UnitManager.cpp">
      <Filter>Source Files\Units</Filter>
    </ClCompile>
    <ClCompile Include="ArriveAndFaceSteering.cpp">
      <Filter>Source Files\Steering</Filter>
    </ClCompile>
    <ClCompile Include="ArriveSteering.cpp">
      <Filter>Source Files\Steering</Filter>
    </ClCompile>
    <ClCompile Include="FaceSteering.cpp">
      <Filter>Source Files\Steering</Filter>
    </ClCompile>
    <ClCompile Include="SeekSteering.cpp">
      <Filter>Source Files\Steering</Filter>
    </ClCompile>
    <ClCompile Include="Steering.cpp">
      <Filter>Source Files\Steering</Filter>
    </ClCompile>
    <ClCompile Include="WanderAndChaseSteering.cpp">
      <Filter>Source Files\Steering</Filter>
    </ClCompile>
    <ClCompile Include="Wander.cpp">
      <Filter>Source Files\Steering</Filter>
    </ClCompile>
    <ClCompile Include="PathSmoothing.cpp">
      <Filter>Source Files\pathfinding</Filter>
    </ClCompile>
    <ClCompile Include="FollowPath.cpp">
      <Filter>Source Files\Steering</Filter>
    </ClCompile>
    <ClCompile Include="PathPooling.cpp">
      <Filter>Source Files\pathfinding</Filter>
    </ClCompile>
    <ClCompile Include="EndGameState.cpp">
      <Filter>Source Files\StateMachines</Filter>
    </ClCompile>
    <ClCompile Include="KaboomState.cpp">
      <Filter>Source Files\StateMachines</Filter>
    </ClCompile>
    <ClCompile Include="StateMachine.cpp">
      <Filter>Source Files\StateMachines</Filter>
    </ClCompile>
    <ClCompile Include="TickState.cpp">
      <Filter>Source Files\StateMachines</Filter>
    </ClCompile>
    <ClCompile Include="Score.cpp">
      <Filter>Source Files\Score</Filter>
    </ClCompile>
  </ItemGroup>
</Project>